// !$*UTF8*$!
{
	archiveVersion = 1;
	classes = {
	};
	objectVersion = 50;
	objects = {

/* Begin PBXBuildFile section */
		1E33068823FDF78C007B49D2 /* AppDelegate.swift in Sources */ = {isa = PBXBuildFile; fileRef = 1E33068723FDF78C007B49D2 /* AppDelegate.swift */; };
		1E33068A23FDF78C007B49D2 /* SceneDelegate.swift in Sources */ = {isa = PBXBuildFile; fileRef = 1E33068923FDF78C007B49D2 /* SceneDelegate.swift */; };
		1E33068C23FDF78C007B49D2 /* ViewController.swift in Sources */ = {isa = PBXBuildFile; fileRef = 1E33068B23FDF78C007B49D2 /* ViewController.swift */; };
		1E33068F23FDF78C007B49D2 /* Main.storyboard in Resources */ = {isa = PBXBuildFile; fileRef = 1E33068D23FDF78C007B49D2 /* Main.storyboard */; };
		1E33069123FDF78D007B49D2 /* Assets.xcassets in Resources */ = {isa = PBXBuildFile; fileRef = 1E33069023FDF78D007B49D2 /* Assets.xcassets */; };
		1E33069423FDF78D007B49D2 /* LaunchScreen.storyboard in Resources */ = {isa = PBXBuildFile; fileRef = 1E33069223FDF78D007B49D2 /* LaunchScreen.storyboard */; };
		1E33069F23FDF78D007B49D2 /* ParseChatTests.swift in Sources */ = {isa = PBXBuildFile; fileRef = 1E33069E23FDF78D007B49D2 /* ParseChatTests.swift */; };
		1E3306AA23FDF78D007B49D2 /* ParseChatUITests.swift in Sources */ = {isa = PBXBuildFile; fileRef = 1E3306A923FDF78D007B49D2 /* ParseChatUITests.swift */; };
/* End PBXBuildFile section */

/* Begin PBXContainerItemProxy section */
		1E33069B23FDF78D007B49D2 /* PBXContainerItemProxy */ = {
			isa = PBXContainerItemProxy;
			containerPortal = 1E33067C23FDF78B007B49D2 /* Project object */;
			proxyType = 1;
			remoteGlobalIDString = 1E33068323FDF78C007B49D2;
			remoteInfo = ParseChat;
		};
		1E3306A623FDF78D007B49D2 /* PBXContainerItemProxy */ = {
			isa = PBXContainerItemProxy;
			containerPortal = 1E33067C23FDF78B007B49D2 /* Project object */;
			proxyType = 1;
			remoteGlobalIDString = 1E33068323FDF78C007B49D2;
			remoteInfo = ParseChat;
		};
/* End PBXContainerItemProxy section */

/* Begin PBXFileReference section */
		1E33068423FDF78C007B49D2 /* ParseChat.app */ = {isa = PBXFileReference; explicitFileType = wrapper.application; includeInIndex = 0; path = ParseChat.app; sourceTree = BUILT_PRODUCTS_DIR; };
		1E33068723FDF78C007B49D2 /* AppDelegate.swift */ = {isa = PBXFileReference; lastKnownFileType = sourcecode.swift; path = AppDelegate.swift; sourceTree = "<group>"; };
		1E33068923FDF78C007B49D2 /* SceneDelegate.swift */ = {isa = PBXFileReference; lastKnownFileType = sourcecode.swift; path = SceneDelegate.swift; sourceTree = "<group>"; };
		1E33068B23FDF78C007B49D2 /* ViewController.swift */ = {isa = PBXFileReference; lastKnownFileType = sourcecode.swift; path = ViewController.swift; sourceTree = "<group>"; };
		1E33068E23FDF78C007B49D2 /* Base */ = {isa = PBXFileReference; lastKnownFileType = file.storyboard; name = Base; path = Base.lproj/Main.storyboard; sourceTree = "<group>"; };
		1E33069023FDF78D007B49D2 /* Assets.xcassets */ = {isa = PBXFileReference; lastKnownFileType = folder.assetcatalog; path = Assets.xcassets; sourceTree = "<group>"; };
		1E33069323FDF78D007B49D2 /* Base */ = {isa = PBXFileReference; lastKnownFileType = file.storyboard; name = Base; path = Base.lproj/LaunchScreen.storyboard; sourceTree = "<group>"; };
		1E33069523FDF78D007B49D2 /* Info.plist */ = {isa = PBXFileReference; lastKnownFileType = text.plist.xml; path = Info.plist; sourceTree = "<group>"; };
		1E33069A23FDF78D007B49D2 /* ParseChatTests.xctest */ = {isa = PBXFileReference; explicitFileType = wrapper.cfbundle; includeInIndex = 0; path = ParseChatTests.xctest; sourceTree = BUILT_PRODUCTS_DIR; };
		1E33069E23FDF78D007B49D2 /* ParseChatTests.swift */ = {isa = PBXFileReference; lastKnownFileType = sourcecode.swift; path = ParseChatTests.swift; sourceTree = "<group>"; };
		1E3306A023FDF78D007B49D2 /* Info.plist */ = {isa = PBXFileReference; lastKnownFileType = text.plist.xml; path = Info.plist; sourceTree = "<group>"; };
		1E3306A523FDF78D007B49D2 /* ParseChatUITests.xctest */ = {isa = PBXFileReference; explicitFileType = wrapper.cfbundle; includeInIndex = 0; path = ParseChatUITests.xctest; sourceTree = BUILT_PRODUCTS_DIR; };
		1E3306A923FDF78D007B49D2 /* ParseChatUITests.swift */ = {isa = PBXFileReference; lastKnownFileType = sourcecode.swift; path = ParseChatUITests.swift; sourceTree = "<group>"; };
		1E3306AB23FDF78D007B49D2 /* Info.plist */ = {isa = PBXFileReference; lastKnownFileType = text.plist.xml; path = Info.plist; sourceTree = "<group>"; };
/* End PBXFileReference section */

/* Begin PBXFrameworksBuildPhase section */
		1E33068123FDF78C007B49D2 /* Frameworks */ = {
			isa = PBXFrameworksBuildPhase;
			buildActionMask = 2147483647;
			files = (
			);
			runOnlyForDeploymentPostprocessing = 0;
		};
		1E33069723FDF78D007B49D2 /* Frameworks */ = {
			isa = PBXFrameworksBuildPhase;
			buildActionMask = 2147483647;
			files = (
			);
			runOnlyForDeploymentPostprocessing = 0;
		};
		1E3306A223FDF78D007B49D2 /* Frameworks */ = {
			isa = PBXFrameworksBuildPhase;
			buildActionMask = 2147483647;
			files = (
			);
			runOnlyForDeploymentPostprocessing = 0;
		};
/* End PBXFrameworksBuildPhase section */

/* Begin PBXGroup section */
		1E33067B23FDF78B007B49D2 = {
			isa = PBXGroup;
			children = (
				1E33068623FDF78C007B49D2 /* ParseChat */,
				1E33069D23FDF78D007B49D2 /* ParseChatTests */,
				1E3306A823FDF78D007B49D2 /* ParseChatUITests */,
				1E33068523FDF78C007B49D2 /* Products */,
			);
			sourceTree = "<group>";
		};
		1E33068523FDF78C007B49D2 /* Products */ = {
			isa = PBXGroup;
			children = (
				1E33068423FDF78C007B49D2 /* ParseChat.app */,
				1E33069A23FDF78D007B49D2 /* ParseChatTests.xctest */,
				1E3306A523FDF78D007B49D2 /* ParseChatUITests.xctest */,
			);
			name = Products;
			sourceTree = "<group>";
		};
		1E33068623FDF78C007B49D2 /* ParseChat */ = {
			isa = PBXGroup;
			children = (
				1E33068723FDF78C007B49D2 /* AppDelegate.swift */,
				1E33068923FDF78C007B49D2 /* SceneDelegate.swift */,
				1E33068B23FDF78C007B49D2 /* ViewController.swift */,
				1E33068D23FDF78C007B49D2 /* Main.storyboard */,
				1E33069023FDF78D007B49D2 /* Assets.xcassets */,
				1E33069223FDF78D007B49D2 /* LaunchScreen.storyboard */,
				1E33069523FDF78D007B49D2 /* Info.plist */,
			);
			path = ParseChat;
			sourceTree = "<group>";
		};
		1E33069D23FDF78D007B49D2 /* ParseChatTests */ = {
			isa = PBXGroup;
			children = (
				1E33069E23FDF78D007B49D2 /* ParseChatTests.swift */,
				1E3306A023FDF78D007B49D2 /* Info.plist */,
			);
			path = ParseChatTests;
			sourceTree = "<group>";
		};
		1E3306A823FDF78D007B49D2 /* ParseChatUITests */ = {
			isa = PBXGroup;
			children = (
				1E3306A923FDF78D007B49D2 /* ParseChatUITests.swift */,
				1E3306AB23FDF78D007B49D2 /* Info.plist */,
			);
			path = ParseChatUITests;
			sourceTree = "<group>";
		};
/* End PBXGroup section */

/* Begin PBXNativeTarget section */
		1E33068323FDF78C007B49D2 /* ParseChat */ = {
			isa = PBXNativeTarget;
			buildConfigurationList = 1E3306AE23FDF78D007B49D2 /* Build configuration list for PBXNativeTarget "ParseChat" */;
			buildPhases = (
				1E33068023FDF78C007B49D2 /* Sources */,
				1E33068123FDF78C007B49D2 /* Frameworks */,
				1E33068223FDF78C007B49D2 /* Resources */,
			);
			buildRules = (
			);
			dependencies = (
			);
			name = ParseChat;
			productName = ParseChat;
			productReference = 1E33068423FDF78C007B49D2 /* ParseChat.app */;
			productType = "com.apple.product-type.application";
		};
		1E33069923FDF78D007B49D2 /* ParseChatTests */ = {
			isa = PBXNativeTarget;
			buildConfigurationList = 1E3306B123FDF78D007B49D2 /* Build configuration list for PBXNativeTarget "ParseChatTests" */;
			buildPhases = (
				1E33069623FDF78D007B49D2 /* Sources */,
				1E33069723FDF78D007B49D2 /* Frameworks */,
				1E33069823FDF78D007B49D2 /* Resources */,
			);
			buildRules = (
			);
			dependencies = (
				1E33069C23FDF78D007B49D2 /* PBXTargetDependency */,
			);
			name = ParseChatTests;
			productName = ParseChatTests;
			productReference = 1E33069A23FDF78D007B49D2 /* ParseChatTests.xctest */;
			productType = "com.apple.product-type.bundle.unit-test";
		};
		1E3306A423FDF78D007B49D2 /* ParseChatUITests */ = {
			isa = PBXNativeTarget;
			buildConfigurationList = 1E3306B423FDF78D007B49D2 /* Build configuration list for PBXNativeTarget "ParseChatUITests" */;
			buildPhases = (
				1E3306A123FDF78D007B49D2 /* Sources */,
				1E3306A223FDF78D007B49D2 /* Frameworks */,
				1E3306A323FDF78D007B49D2 /* Resources */,
			);
			buildRules = (
			);
			dependencies = (
				1E3306A723FDF78D007B49D2 /* PBXTargetDependency */,
			);
			name = ParseChatUITests;
			productName = ParseChatUITests;
			productReference = 1E3306A523FDF78D007B49D2 /* ParseChatUITests.xctest */;
			productType = "com.apple.product-type.bundle.ui-testing";
		};
/* End PBXNativeTarget section */

/* Begin PBXProject section */
		1E33067C23FDF78B007B49D2 /* Project object */ = {
			isa = PBXProject;
			attributes = {
				LastSwiftUpdateCheck = 1130;
				LastUpgradeCheck = 1130;
				ORGANIZATIONNAME = "Hugh Bromund";
				TargetAttributes = {
					1E33068323FDF78C007B49D2 = {
						CreatedOnToolsVersion = 11.3.1;
					};
					1E33069923FDF78D007B49D2 = {
						CreatedOnToolsVersion = 11.3.1;
						TestTargetID = 1E33068323FDF78C007B49D2;
					};
					1E3306A423FDF78D007B49D2 = {
						CreatedOnToolsVersion = 11.3.1;
						TestTargetID = 1E33068323FDF78C007B49D2;
					};
				};
			};
			buildConfigurationList = 1E33067F23FDF78C007B49D2 /* Build configuration list for PBXProject "ParseChat" */;
			compatibilityVersion = "Xcode 9.3";
			developmentRegion = en;
			hasScannedForEncodings = 0;
			knownRegions = (
				en,
				Base,
			);
			mainGroup = 1E33067B23FDF78B007B49D2;
			productRefGroup = 1E33068523FDF78C007B49D2 /* Products */;
			projectDirPath = "";
			projectRoot = "";
			targets = (
				1E33068323FDF78C007B49D2 /* ParseChat */,
				1E33069923FDF78D007B49D2 /* ParseChatTests */,
				1E3306A423FDF78D007B49D2 /* ParseChatUITests */,
			);
		};
/* End PBXProject section */

/* Begin PBXResourcesBuildPhase section */
		1E33068223FDF78C007B49D2 /* Resources */ = {
			isa = PBXResourcesBuildPhase;
			buildActionMask = 2147483647;
			files = (
				1E33069423FDF78D007B49D2 /* LaunchScreen.storyboard in Resources */,
				1E33069123FDF78D007B49D2 /* Assets.xcassets in Resources */,
				1E33068F23FDF78C007B49D2 /* Main.storyboard in Resources */,
			);
			runOnlyForDeploymentPostprocessing = 0;
		};
		1E33069823FDF78D007B49D2 /* Resources */ = {
			isa = PBXResourcesBuildPhase;
			buildActionMask = 2147483647;
			files = (
			);
			runOnlyForDeploymentPostprocessing = 0;
		};
		1E3306A323FDF78D007B49D2 /* Resources */ = {
			isa = PBXResourcesBuildPhase;
			buildActionMask = 2147483647;
			files = (
			);
			runOnlyForDeploymentPostprocessing = 0;
		};
/* End PBXResourcesBuildPhase section */

/* Begin PBXSourcesBuildPhase section */
		1E33068023FDF78C007B49D2 /* Sources */ = {
			isa = PBXSourcesBuildPhase;
			buildActionMask = 2147483647;
			files = (
				1E33068C23FDF78C007B49D2 /* ViewController.swift in Sources */,
				1E33068823FDF78C007B49D2 /* AppDelegate.swift in Sources */,
				1E33068A23FDF78C007B49D2 /* SceneDelegate.swift in Sources */,
			);
			runOnlyForDeploymentPostprocessing = 0;
		};
		1E33069623FDF78D007B49D2 /* Sources */ = {
			isa = PBXSourcesBuildPhase;
			buildActionMask = 2147483647;
			files = (
				1E33069F23FDF78D007B49D2 /* ParseChatTests.swift in Sources */,
			);
			runOnlyForDeploymentPostprocessing = 0;
		};
		1E3306A123FDF78D007B49D2 /* Sources */ = {
			isa = PBXSourcesBuildPhase;
			buildActionMask = 2147483647;
			files = (
				1E3306AA23FDF78D007B49D2 /* ParseChatUITests.swift in Sources */,
			);
			runOnlyForDeploymentPostprocessing = 0;
		};
/* End PBXSourcesBuildPhase section */

/* Begin PBXTargetDependency section */
		1E33069C23FDF78D007B49D2 /* PBXTargetDependency */ = {
			isa = PBXTargetDependency;
			target = 1E33068323FDF78C007B49D2 /* ParseChat */;
			targetProxy = 1E33069B23FDF78D007B49D2 /* PBXContainerItemProxy */;
		};
		1E3306A723FDF78D007B49D2 /* PBXTargetDependency */ = {
			isa = PBXTargetDependency;
			target = 1E33068323FDF78C007B49D2 /* ParseChat */;
			targetProxy = 1E3306A623FDF78D007B49D2 /* PBXContainerItemProxy */;
		};
/* End PBXTargetDependency section */

/* Begin PBXVariantGroup section */
		1E33068D23FDF78C007B49D2 /* Main.storyboard */ = {
			isa = PBXVariantGroup;
			children = (
				1E33068E23FDF78C007B49D2 /* Base */,
			);
			name = Main.storyboard;
			sourceTree = "<group>";
		};
		1E33069223FDF78D007B49D2 /* LaunchScreen.storyboard */ = {
			isa = PBXVariantGroup;
			children = (
				1E33069323FDF78D007B49D2 /* Base */,
			);
			name = LaunchScreen.storyboard;
			sourceTree = "<group>";
		};
/* End PBXVariantGroup section */

/* Begin XCBuildConfiguration section */
		1E3306AC23FDF78D007B49D2 /* Debug */ = {
			isa = XCBuildConfiguration;
			buildSettings = {
				ALWAYS_SEARCH_USER_PATHS = NO;
				CLANG_ANALYZER_NONNULL = YES;
				CLANG_ANALYZER_NUMBER_OBJECT_CONVERSION = YES_AGGRESSIVE;
				CLANG_CXX_LANGUAGE_STANDARD = "gnu++14";
				CLANG_CXX_LIBRARY = "libc++";
				CLANG_ENABLE_MODULES = YES;
				CLANG_ENABLE_OBJC_ARC = YES;
				CLANG_ENABLE_OBJC_WEAK = YES;
				CLANG_WARN_BLOCK_CAPTURE_AUTORELEASING = YES;
				CLANG_WARN_BOOL_CONVERSION = YES;
				CLANG_WARN_COMMA = YES;
				CLANG_WARN_CONSTANT_CONVERSION = YES;
				CLANG_WARN_DEPRECATED_OBJC_IMPLEMENTATIONS = YES;
				CLANG_WARN_DIRECT_OBJC_ISA_USAGE = YES_ERROR;
				CLANG_WARN_DOCUMENTATION_COMMENTS = YES;
				CLANG_WARN_EMPTY_BODY = YES;
				CLANG_WARN_ENUM_CONVERSION = YES;
				CLANG_WARN_INFINITE_RECURSION = YES;
				CLANG_WARN_INT_CONVERSION = YES;
				CLANG_WARN_NON_LITERAL_NULL_CONVERSION = YES;
				CLANG_WARN_OBJC_IMPLICIT_RETAIN_SELF = YES;
				CLANG_WARN_OBJC_LITERAL_CONVERSION = YES;
				CLANG_WARN_OBJC_ROOT_CLASS = YES_ERROR;
				CLANG_WARN_RANGE_LOOP_ANALYSIS = YES;
				CLANG_WARN_STRICT_PROTOTYPES = YES;
				CLANG_WARN_SUSPICIOUS_MOVE = YES;
				CLANG_WARN_UNGUARDED_AVAILABILITY = YES_AGGRESSIVE;
				CLANG_WARN_UNREACHABLE_CODE = YES;
				CLANG_WARN__DUPLICATE_METHOD_MATCH = YES;
				COPY_PHASE_STRIP = NO;
				DEBUG_INFORMATION_FORMAT = dwarf;
				ENABLE_STRICT_OBJC_MSGSEND = YES;
				ENABLE_TESTABILITY = YES;
				GCC_C_LANGUAGE_STANDARD = gnu11;
				GCC_DYNAMIC_NO_PIC = NO;
				GCC_NO_COMMON_BLOCKS = YES;
				GCC_OPTIMIZATION_LEVEL = 0;
				GCC_PREPROCESSOR_DEFINITIONS = (
					"DEBUG=1",
					"$(inherited)",
				);
				GCC_WARN_64_TO_32_BIT_CONVERSION = YES;
				GCC_WARN_ABOUT_RETURN_TYPE = YES_ERROR;
				GCC_WARN_UNDECLARED_SELECTOR = YES;
				GCC_WARN_UNINITIALIZED_AUTOS = YES_AGGRESSIVE;
				GCC_WARN_UNUSED_FUNCTION = YES;
				GCC_WARN_UNUSED_VARIABLE = YES;
				IPHONEOS_DEPLOYMENT_TARGET = 13.2;
				MTL_ENABLE_DEBUG_INFO = INCLUDE_SOURCE;
				MTL_FAST_MATH = YES;
				ONLY_ACTIVE_ARCH = YES;
				SDKROOT = iphoneos;
				SWIFT_ACTIVE_COMPILATION_CONDITIONS = DEBUG;
				SWIFT_OPTIMIZATION_LEVEL = "-Onone";
			};
			name = Debug;
		};
		1E3306AD23FDF78D007B49D2 /* Release */ = {
			isa = XCBuildConfiguration;
			buildSettings = {
				ALWAYS_SEARCH_USER_PATHS = NO;
				CLANG_ANALYZER_NONNULL = YES;
				CLANG_ANALYZER_NUMBER_OBJECT_CONVERSION = YES_AGGRESSIVE;
				CLANG_CXX_LANGUAGE_STANDARD = "gnu++14";
				CLANG_CXX_LIBRARY = "libc++";
				CLANG_ENABLE_MODULES = YES;
				CLANG_ENABLE_OBJC_ARC = YES;
				CLANG_ENABLE_OBJC_WEAK = YES;
				CLANG_WARN_BLOCK_CAPTURE_AUTORELEASING = YES;
				CLANG_WARN_BOOL_CONVERSION = YES;
				CLANG_WARN_COMMA = YES;
				CLANG_WARN_CONSTANT_CONVERSION = YES;
				CLANG_WARN_DEPRECATED_OBJC_IMPLEMENTATIONS = YES;
				CLANG_WARN_DIRECT_OBJC_ISA_USAGE = YES_ERROR;
				CLANG_WARN_DOCUMENTATION_COMMENTS = YES;
				CLANG_WARN_EMPTY_BODY = YES;
				CLANG_WARN_ENUM_CONVERSION = YES;
				CLANG_WARN_INFINITE_RECURSION = YES;
				CLANG_WARN_INT_CONVERSION = YES;
				CLANG_WARN_NON_LITERAL_NULL_CONVERSION = YES;
				CLANG_WARN_OBJC_IMPLICIT_RETAIN_SELF = YES;
				CLANG_WARN_OBJC_LITERAL_CONVERSION = YES;
				CLANG_WARN_OBJC_ROOT_CLASS = YES_ERROR;
				CLANG_WARN_RANGE_LOOP_ANALYSIS = YES;
				CLANG_WARN_STRICT_PROTOTYPES = YES;
				CLANG_WARN_SUSPICIOUS_MOVE = YES;
				CLANG_WARN_UNGUARDED_AVAILABILITY = YES_AGGRESSIVE;
				CLANG_WARN_UNREACHABLE_CODE = YES;
				CLANG_WARN__DUPLICATE_METHOD_MATCH = YES;
				COPY_PHASE_STRIP = NO;
				DEBUG_INFORMATION_FORMAT = "dwarf-with-dsym";
				ENABLE_NS_ASSERTIONS = NO;
				ENABLE_STRICT_OBJC_MSGSEND = YES;
				GCC_C_LANGUAGE_STANDARD = gnu11;
				GCC_NO_COMMON_BLOCKS = YES;
				GCC_WARN_64_TO_32_BIT_CONVERSION = YES;
				GCC_WARN_ABOUT_RETURN_TYPE = YES_ERROR;
				GCC_WARN_UNDECLARED_SELECTOR = YES;
				GCC_WARN_UNINITIALIZED_AUTOS = YES_AGGRESSIVE;
				GCC_WARN_UNUSED_FUNCTION = YES;
				GCC_WARN_UNUSED_VARIABLE = YES;
				IPHONEOS_DEPLOYMENT_TARGET = 13.2;
				MTL_ENABLE_DEBUG_INFO = NO;
				MTL_FAST_MATH = YES;
				SDKROOT = iphoneos;
				SWIFT_COMPILATION_MODE = wholemodule;
				SWIFT_OPTIMIZATION_LEVEL = "-O";
				VALIDATE_PRODUCT = YES;
			};
			name = Release;
		};
		1E3306AF23FDF78D007B49D2 /* Debug */ = {
			isa = XCBuildConfiguration;
			buildSettings = {
				ASSETCATALOG_COMPILER_APPICON_NAME = AppIcon;
				CODE_SIGN_STYLE = Automatic;
				DEVELOPMENT_TEAM = 53YXMG5TK4;
				INFOPLIST_FILE = ParseChat/Info.plist;
				LD_RUNPATH_SEARCH_PATHS = (
					"$(inherited)",
					"@executable_path/Frameworks",
				);
				PRODUCT_BUNDLE_IDENTIFIER = hughbromund.ParseChat;
				PRODUCT_NAME = "$(TARGET_NAME)";
				SWIFT_VERSION = 5.0;
				TARGETED_DEVICE_FAMILY = "1,2";
			};
			name = Debug;
		};
		1E3306B023FDF78D007B49D2 /* Release */ = {
			isa = XCBuildConfiguration;
			buildSettings = {
				ASSETCATALOG_COMPILER_APPICON_NAME = AppIcon;
				CODE_SIGN_STYLE = Automatic;
				DEVELOPMENT_TEAM = 53YXMG5TK4;
				INFOPLIST_FILE = ParseChat/Info.plist;
				LD_RUNPATH_SEARCH_PATHS = (
					"$(inherited)",
					"@executable_path/Frameworks",
				);
				PRODUCT_BUNDLE_IDENTIFIER = hughbromund.ParseChat;
				PRODUCT_NAME = "$(TARGET_NAME)";
				SWIFT_VERSION = 5.0;
				TARGETED_DEVICE_FAMILY = "1,2";
			};
			name = Release;
		};
		1E3306B223FDF78D007B49D2 /* Debug */ = {
			isa = XCBuildConfiguration;
			buildSettings = {
				ALWAYS_EMBED_SWIFT_STANDARD_LIBRARIES = YES;
				BUNDLE_LOADER = "$(TEST_HOST)";
				CODE_SIGN_STYLE = Automatic;
				DEVELOPMENT_TEAM = 53YXMG5TK4;
				INFOPLIST_FILE = ParseChatTests/Info.plist;
				IPHONEOS_DEPLOYMENT_TARGET = 13.2;
				LD_RUNPATH_SEARCH_PATHS = (
					"$(inherited)",
					"@executable_path/Frameworks",
					"@loader_path/Frameworks",
				);
				PRODUCT_BUNDLE_IDENTIFIER = hughbromund.ParseChatTests;
				PRODUCT_NAME = "$(TARGET_NAME)";
				SWIFT_VERSION = 5.0;
				TARGETED_DEVICE_FAMILY = "1,2";
				TEST_HOST = "$(BUILT_PRODUCTS_DIR)/ParseChat.app/ParseChat";
			};
			name = Debug;
		};
		1E3306B323FDF78D007B49D2 /* Release */ = {
			isa = XCBuildConfiguration;
			buildSettings = {
				ALWAYS_EMBED_SWIFT_STANDARD_LIBRARIES = YES;
				BUNDLE_LOADER = "$(TEST_HOST)";
				CODE_SIGN_STYLE = Automatic;
				DEVELOPMENT_TEAM = 53YXMG5TK4;
				INFOPLIST_FILE = ParseChatTests/Info.plist;
				IPHONEOS_DEPLOYMENT_TARGET = 13.2;
				LD_RUNPATH_SEARCH_PATHS = (
					"$(inherited)",
					"@executable_path/Frameworks",
					"@loader_path/Frameworks",
				);
				PRODUCT_BUNDLE_IDENTIFIER = hughbromund.ParseChatTests;
				PRODUCT_NAME = "$(TARGET_NAME)";
				SWIFT_VERSION = 5.0;
				TARGETED_DEVICE_FAMILY = "1,2";
				TEST_HOST = "$(BUILT_PRODUCTS_DIR)/ParseChat.app/ParseChat";
			};
			name = Release;
		};
		1E3306B523FDF78D007B49D2 /* Debug */ = {
			isa = XCBuildConfiguration;
			buildSettings = {
				ALWAYS_EMBED_SWIFT_STANDARD_LIBRARIES = YES;
				CODE_SIGN_STYLE = Automatic;
				DEVELOPMENT_TEAM = 53YXMG5TK4;
				INFOPLIST_FILE = ParseChatUITests/Info.plist;
				LD_RUNPATH_SEARCH_PATHS = (
					"$(inherited)",
					"@executable_path/Frameworks",
					"@loader_path/Frameworks",
				);
				PRODUCT_BUNDLE_IDENTIFIER = hughbromund.ParseChatUITests;
				PRODUCT_NAME = "$(TARGET_NAME)";
				SWIFT_VERSION = 5.0;
				TARGETED_DEVICE_FAMILY = "1,2";
				TEST_TARGET_NAME = ParseChat;
			};
			name = Debug;
		};
		1E3306B623FDF78D007B49D2 /* Release */ = {
			isa = XCBuildConfiguration;
			buildSettings = {
				ALWAYS_EMBED_SWIFT_STANDARD_LIBRARIES = YES;
				CODE_SIGN_STYLE = Automatic;
				DEVELOPMENT_TEAM = 53YXMG5TK4;
				INFOPLIST_FILE = ParseChatUITests/Info.plist;
				LD_RUNPATH_SEARCH_PATHS = (
					"$(inherited)",
					"@executable_path/Frameworks",
					"@loader_path/Frameworks",
				);
				PRODUCT_BUNDLE_IDENTIFIER = hughbromund.ParseChatUITests;
				PRODUCT_NAME = "$(TARGET_NAME)";
				SWIFT_VERSION = 5.0;
				TARGETED_DEVICE_FAMILY = "1,2";
				TEST_TARGET_NAME = ParseChat;
			};
			name = Release;
		};
/* End XCBuildConfiguration section */

/* Begin XCConfigurationList section */
		1E33067F23FDF78C007B49D2 /* Build configuration list for PBXProject "ParseChat" */ = {
			isa = XCConfigurationList;
			buildConfigurations = (
				1E3306AC23FDF78D007B49D2 /* Debug */,
				1E3306AD23FDF78D007B49D2 /* Release */,
			);
			defaultConfigurationIsVisible = 0;
			defaultConfigurationName = Release;
		};
		1E3306AE23FDF78D007B49D2 /* Build configuration list for PBXNativeTarget "ParseChat" */ = {
			isa = XCConfigurationList;
			buildConfigurations = (
				1E3306AF23FDF78D007B49D2 /* Debug */,
				1E3306B023FDF78D007B49D2 /* Release */,
			);
			defaultConfigurationIsVisible = 0;
			defaultConfigurationName = Release;
		};
		1E3306B123FDF78D007B49D2 /* Build configuration list for PBXNativeTarget "ParseChatTests" */ = {
			isa = XCConfigurationList;
			buildConfigurations = (
				1E3306B223FDF78D007B49D2 /* Debug */,
				1E3306B323FDF78D007B49D2 /* Release */,
			);
			defaultConfigurationIsVisible = 0;
			defaultConfigurationName = Release;
		};
		1E3306B423FDF78D007B49D2 /* Build configuration list for PBXNativeTarget "ParseChatUITests" */ = {
			isa = XCConfigurationList;
			buildConfigurations = (
				1E3306B523FDF78D007B49D2 /* Debug */,
				1E3306B623FDF78D007B49D2 /* Release */,
			);
			defaultConfigurationIsVisible = 0;
			defaultConfigurationName = Release;
		};
/* End XCConfigurationList section */
	};
	rootObject = 1E33067C23FDF78B007B49D2 /* Project object */;
}
